// !$*UTF8*$!
{
	archiveVersion = 1;
	classes = {
	};
	objectVersion = 48;
	objects = {

/* Begin PBXBuildFile section */
		3E797B8E204DFE7800C68374 /* AppDelegate.swift in Sources */ = {isa = PBXBuildFile; fileRef = 3E797B8D204DFE7800C68374 /* AppDelegate.swift */; };
		3E797B90204DFE7800C68374 /* ViewController.swift in Sources */ = {isa = PBXBuildFile; fileRef = 3E797B8F204DFE7800C68374 /* ViewController.swift */; };
		3E797B93204DFE7800C68374 /* Main.storyboard in Resources */ = {isa = PBXBuildFile; fileRef = 3E797B91204DFE7800C68374 /* Main.storyboard */; };
		3E797B95204DFE7800C68374 /* Assets.xcassets in Resources */ = {isa = PBXBuildFile; fileRef = 3E797B94204DFE7800C68374 /* Assets.xcassets */; };
		3E797B98204DFE7800C68374 /* LaunchScreen.storyboard in Resources */ = {isa = PBXBuildFile; fileRef = 3E797B96204DFE7800C68374 /* LaunchScreen.storyboard */; };
		3E797BA3204DFE7800C68374 /* TestTestTests.swift in Sources */ = {isa = PBXBuildFile; fileRef = 3E797BA2204DFE7800C68374 /* TestTestTests.swift */; };
		3E797BAE204DFE7800C68374 /* TestTestUITests.swift in Sources */ = {isa = PBXBuildFile; fileRef = 3E797BAD204DFE7800C68374 /* TestTestUITests.swift */; };
/* End PBXBuildFile section */

/* Begin PBXContainerItemProxy section */
		3E797B9F204DFE7800C68374 /* PBXContainerItemProxy */ = {
			isa = PBXContainerItemProxy;
			containerPortal = 3E797B82204DFE7800C68374 /* Project object */;
			proxyType = 1;
			remoteGlobalIDString = 3E797B89204DFE7800C68374;
			remoteInfo = TestTest;
		};
		3E797BAA204DFE7800C68374 /* PBXContainerItemProxy */ = {
			isa = PBXContainerItemProxy;
			containerPortal = 3E797B82204DFE7800C68374 /* Project object */;
			proxyType = 1;
			remoteGlobalIDString = 3E797B89204DFE7800C68374;
			remoteInfo = TestTest;
		};
/* End PBXContainerItemProxy section */

/* Begin PBXFileReference section */
		3E797B8A204DFE7800C68374 /* TestTest.app */ = {isa = PBXFileReference; explicitFileType = wrapper.application; includeInIndex = 0; path = TestTest.app; sourceTree = BUILT_PRODUCTS_DIR; };
		3E797B8D204DFE7800C68374 /* AppDelegate.swift */ = {isa = PBXFileReference; lastKnownFileType = sourcecode.swift; path = AppDelegate.swift; sourceTree = "<group>"; };
		3E797B8F204DFE7800C68374 /* ViewController.swift */ = {isa = PBXFileReference; lastKnownFileType = sourcecode.swift; path = ViewController.swift; sourceTree = "<group>"; };
		3E797B92204DFE7800C68374 /* Base */ = {isa = PBXFileReference; lastKnownFileType = file.storyboard; name = Base; path = Base.lproj/Main.storyboard; sourceTree = "<group>"; };
		3E797B94204DFE7800C68374 /* Assets.xcassets */ = {isa = PBXFileReference; lastKnownFileType = folder.assetcatalog; path = Assets.xcassets; sourceTree = "<group>"; };
		3E797B97204DFE7800C68374 /* Base */ = {isa = PBXFileReference; lastKnownFileType = file.storyboard; name = Base; path = Base.lproj/LaunchScreen.storyboard; sourceTree = "<group>"; };
		3E797B99204DFE7800C68374 /* Info.plist */ = {isa = PBXFileReference; lastKnownFileType = text.plist.xml; path = Info.plist; sourceTree = "<group>"; };
		3E797B9E204DFE7800C68374 /* TestTestTests.xctest */ = {isa = PBXFileReference; explicitFileType = wrapper.cfbundle; includeInIndex = 0; path = TestTestTests.xctest; sourceTree = BUILT_PRODUCTS_DIR; };
		3E797BA2204DFE7800C68374 /* TestTestTests.swift */ = {isa = PBXFileReference; lastKnownFileType = sourcecode.swift; path = TestTestTests.swift; sourceTree = "<group>"; };
		3E797BA4204DFE7800C68374 /* Info.plist */ = {isa = PBXFileReference; lastKnownFileType = text.plist.xml; path = Info.plist; sourceTree = "<group>"; };
		3E797BA9204DFE7800C68374 /* TestTestUITests.xctest */ = {isa = PBXFileReference; explicitFileType = wrapper.cfbundle; includeInIndex = 0; path = TestTestUITests.xctest; sourceTree = BUILT_PRODUCTS_DIR; };
		3E797BAD204DFE7800C68374 /* TestTestUITests.swift */ = {isa = PBXFileReference; lastKnownFileType = sourcecode.swift; path = TestTestUITests.swift; sourceTree = "<group>"; };
		3E797BAF204DFE7800C68374 /* Info.plist */ = {isa = PBXFileReference; lastKnownFileType = text.plist.xml; path = Info.plist; sourceTree = "<group>"; };
/* End PBXFileReference section */

/* Begin PBXFrameworksBuildPhase section */
		3E797B87204DFE7800C68374 /* Frameworks */ = {
			isa = PBXFrameworksBuildPhase;
			buildActionMask = 2147483647;
			files = (
			);
			runOnlyForDeploymentPostprocessing = 0;
		};
		3E797B9B204DFE7800C68374 /* Frameworks */ = {
			isa = PBXFrameworksBuildPhase;
			buildActionMask = 2147483647;
			files = (
			);
			runOnlyForDeploymentPostprocessing = 0;
		};
		3E797BA6204DFE7800C68374 /* Frameworks */ = {
			isa = PBXFrameworksBuildPhase;
			buildActionMask = 2147483647;
			files = (
			);
			runOnlyForDeploymentPostprocessing = 0;
		};
/* End PBXFrameworksBuildPhase section */

/* Begin PBXGroup section */
		3E797B81204DFE7800C68374 = {
			isa = PBXGroup;
			children = (
				3E797B8C204DFE7800C68374 /* TestTest */,
				3E797BA1204DFE7800C68374 /* TestTestTests */,
				3E797BAC204DFE7800C68374 /* TestTestUITests */,
				3E797B8B204DFE7800C68374 /* Products */,
			);
			sourceTree = "<group>";
		};
		3E797B8B204DFE7800C68374 /* Products */ = {
			isa = PBXGroup;
			children = (
				3E797B8A204DFE7800C68374 /* TestTest.app */,
				3E797B9E204DFE7800C68374 /* TestTestTests.xctest */,
				3E797BA9204DFE7800C68374 /* TestTestUITests.xctest */,
			);
			name = Products;
			sourceTree = "<group>";
		};
		3E797B8C204DFE7800C68374 /* TestTest */ = {
			isa = PBXGroup;
			children = (
				3E797B8D204DFE7800C68374 /* AppDelegate.swift */,
				3E797B8F204DFE7800C68374 /* ViewController.swift */,
				3E797B91204DFE7800C68374 /* Main.storyboard */,
				3E797B94204DFE7800C68374 /* Assets.xcassets */,
				3E797B96204DFE7800C68374 /* LaunchScreen.storyboard */,
				3E797B99204DFE7800C68374 /* Info.plist */,
			);
			path = TestTest;
			sourceTree = "<group>";
		};
		3E797BA1204DFE7800C68374 /* TestTestTests */ = {
			isa = PBXGroup;
			children = (
				3E797BA2204DFE7800C68374 /* TestTestTests.swift */,
				3E797BA4204DFE7800C68374 /* Info.plist */,
			);
			path = TestTestTests;
			sourceTree = "<group>";
		};
		3E797BAC204DFE7800C68374 /* TestTestUITests */ = {
			isa = PBXGroup;
			children = (
				3E797BAD204DFE7800C68374 /* TestTestUITests.swift */,
				3E797BAF204DFE7800C68374 /* Info.plist */,
			);
			path = TestTestUITests;
			sourceTree = "<group>";
		};
/* End PBXGroup section */

/* Begin PBXNativeTarget section */
		3E797B89204DFE7800C68374 /* TestTest */ = {
			isa = PBXNativeTarget;
			buildConfigurationList = 3E797BB2204DFE7800C68374 /* Build configuration list for PBXNativeTarget "TestTest" */;
			buildPhases = (
				3E797B86204DFE7800C68374 /* Sources */,
				3E797B87204DFE7800C68374 /* Frameworks */,
				3E797B88204DFE7800C68374 /* Resources */,
			);
			buildRules = (
			);
			dependencies = (
			);
			name = TestTest;
			productName = TestTest;
			productReference = 3E797B8A204DFE7800C68374 /* TestTest.app */;
			productType = "com.apple.product-type.application";
		};
		3E797B9D204DFE7800C68374 /* TestTestTests */ = {
			isa = PBXNativeTarget;
			buildConfigurationList = 3E797BB5204DFE7800C68374 /* Build configuration list for PBXNativeTarget "TestTestTests" */;
			buildPhases = (
				3E797B9A204DFE7800C68374 /* Sources */,
				3E797B9B204DFE7800C68374 /* Frameworks */,
				3E797B9C204DFE7800C68374 /* Resources */,
			);
			buildRules = (
			);
			dependencies = (
				3E797BA0204DFE7800C68374 /* PBXTargetDependency */,
			);
			name = TestTestTests;
			productName = TestTestTests;
			productReference = 3E797B9E204DFE7800C68374 /* TestTestTests.xctest */;
			productType = "com.apple.product-type.bundle.unit-test";
		};
		3E797BA8204DFE7800C68374 /* TestTestUITests */ = {
			isa = PBXNativeTarget;
			buildConfigurationList = 3E797BB8204DFE7800C68374 /* Build configuration list for PBXNativeTarget "TestTestUITests" */;
			buildPhases = (
				3E797BA5204DFE7800C68374 /* Sources */,
				3E797BA6204DFE7800C68374 /* Frameworks */,
				3E797BA7204DFE7800C68374 /* Resources */,
			);
			buildRules = (
			);
			dependencies = (
				3E797BAB204DFE7800C68374 /* PBXTargetDependency */,
			);
			name = TestTestUITests;
			productName = TestTestUITests;
			productReference = 3E797BA9204DFE7800C68374 /* TestTestUITests.xctest */;
			productType = "com.apple.product-type.bundle.ui-testing";
		};
/* End PBXNativeTarget section */

/* Begin PBXProject section */
		3E797B82204DFE7800C68374 /* Project object */ = {
			isa = PBXProject;
			attributes = {
				LastSwiftUpdateCheck = 0920;
				LastUpgradeCheck = 0920;
				ORGANIZATIONNAME = Calvin;
				TargetAttributes = {
					3E797B89204DFE7800C68374 = {
						CreatedOnToolsVersion = 9.2;
						ProvisioningStyle = Automatic;
					};
					3E797B9D204DFE7800C68374 = {
						CreatedOnToolsVersion = 9.2;
						ProvisioningStyle = Automatic;
						TestTargetID = 3E797B89204DFE7800C68374;
					};
					3E797BA8204DFE7800C68374 = {
						CreatedOnToolsVersion = 9.2;
						ProvisioningStyle = Automatic;
						TestTargetID = 3E797B89204DFE7800C68374;
					};
				};
			};
			buildConfigurationList = 3E797B85204DFE7800C68374 /* Build configuration list for PBXProject "TestTest" */;
			compatibilityVersion = "Xcode 8.0";
			developmentRegion = en;
			hasScannedForEncodings = 0;
			knownRegions = (
				en,
				Base,
			);
			mainGroup = 3E797B81204DFE7800C68374;
			productRefGroup = 3E797B8B204DFE7800C68374 /* Products */;
			projectDirPath = "";
			projectRoot = "";
			targets = (
				3E797B89204DFE7800C68374 /* TestTest */,
				3E797B9D204DFE7800C68374 /* TestTestTests */,
				3E797BA8204DFE7800C68374 /* TestTestUITests */,
			);
		};
/* End PBXProject section */

/* Begin PBXResourcesBuildPhase section */
		3E797B88204DFE7800C68374 /* Resources */ = {
			isa = PBXResourcesBuildPhase;
			buildActionMask = 2147483647;
			files = (
				3E797B98204DFE7800C68374 /* LaunchScreen.storyboard in Resources */,
				3E797B95204DFE7800C68374 /* Assets.xcassets in Resources */,
				3E797B93204DFE7800C68374 /* Main.storyboard in Resources */,
			);
			runOnlyForDeploymentPostprocessing = 0;
		};
		3E797B9C204DFE7800C68374 /* Resources */ = {
			isa = PBXResourcesBuildPhase;
			buildActionMask = 2147483647;
			files = (
			);
			runOnlyForDeploymentPostprocessing = 0;
		};
		3E797BA7204DFE7800C68374 /* Resources */ = {
			isa = PBXResourcesBuildPhase;
			buildActionMask = 2147483647;
			files = (
			);
			runOnlyForDeploymentPostprocessing = 0;
		};
/* End PBXResourcesBuildPhase section */

/* Begin PBXSourcesBuildPhase section */
		3E797B86204DFE7800C68374 /* Sources */ = {
			isa = PBXSourcesBuildPhase;
			buildActionMask = 2147483647;
			files = (
				3E797B90204DFE7800C68374 /* ViewController.swift in Sources */,
				3E797B8E204DFE7800C68374 /* AppDelegate.swift in Sources */,
			);
			runOnlyForDeploymentPostprocessing = 0;
		};
		3E797B9A204DFE7800C68374 /* Sources */ = {
			isa = PBXSourcesBuildPhase;
			buildActionMask = 2147483647;
			files = (
				3E797BA3204DFE7800C68374 /* TestTestTests.swift in Sources */,
			);
			runOnlyForDeploymentPostprocessing = 0;
		};
		3E797BA5204DFE7800C68374 /* Sources */ = {
			isa = PBXSourcesBuildPhase;
			buildActionMask = 2147483647;
			files = (
				3E797BAE204DFE7800C68374 /* TestTestUITests.swift in Sources */,
			);
			runOnlyForDeploymentPostprocessing = 0;
		};
/* End PBXSourcesBuildPhase section */

/* Begin PBXTargetDependency section */
		3E797BA0204DFE7800C68374 /* PBXTargetDependency */ = {
			isa = PBXTargetDependency;
			target = 3E797B89204DFE7800C68374 /* TestTest */;
			targetProxy = 3E797B9F204DFE7800C68374 /* PBXContainerItemProxy */;
		};
		3E797BAB204DFE7800C68374 /* PBXTargetDependency */ = {
			isa = PBXTargetDependency;
			target = 3E797B89204DFE7800C68374 /* TestTest */;
			targetProxy = 3E797BAA204DFE7800C68374 /* PBXContainerItemProxy */;
		};
/* End PBXTargetDependency section */

/* Begin PBXVariantGroup section */
		3E797B91204DFE7800C68374 /* Main.storyboard */ = {
			isa = PBXVariantGroup;
			children = (
				3E797B92204DFE7800C68374 /* Base */,
			);
			name = Main.storyboard;
			sourceTree = "<group>";
		};
		3E797B96204DFE7800C68374 /* LaunchScreen.storyboard */ = {
			isa = PBXVariantGroup;
			children = (
				3E797B97204DFE7800C68374 /* Base */,
			);
			name = LaunchScreen.storyboard;
			sourceTree = "<group>";
		};
/* End PBXVariantGroup section */

/* Begin XCBuildConfiguration section */
		3E797BB0204DFE7800C68374 /* Debug */ = {
			isa = XCBuildConfiguration;
			buildSettings = {
				ALWAYS_SEARCH_USER_PATHS = NO;
				CLANG_ANALYZER_NONNULL = YES;
				CLANG_ANALYZER_NUMBER_OBJECT_CONVERSION = YES_AGGRESSIVE;
				CLANG_CXX_LANGUAGE_STANDARD = "gnu++14";
				CLANG_CXX_LIBRARY = "libc++";
				CLANG_ENABLE_MODULES = YES;
				CLANG_ENABLE_OBJC_ARC = YES;
				CLANG_WARN_BLOCK_CAPTURE_AUTORELEASING = YES;
				CLANG_WARN_BOOL_CONVERSION = YES;
				CLANG_WARN_COMMA = YES;
				CLANG_WARN_CONSTANT_CONVERSION = YES;
				CLANG_WARN_DIRECT_OBJC_ISA_USAGE = YES_ERROR;
				CLANG_WARN_DOCUMENTATION_COMMENTS = YES;
				CLANG_WARN_EMPTY_BODY = YES;
				CLANG_WARN_ENUM_CONVERSION = YES;
				CLANG_WARN_INFINITE_RECURSION = YES;
				CLANG_WARN_INT_CONVERSION = YES;
				CLANG_WARN_NON_LITERAL_NULL_CONVERSION = YES;
				CLANG_WARN_OBJC_LITERAL_CONVERSION = YES;
				CLANG_WARN_OBJC_ROOT_CLASS = YES_ERROR;
				CLANG_WARN_RANGE_LOOP_ANALYSIS = YES;
				CLANG_WARN_STRICT_PROTOTYPES = YES;
				CLANG_WARN_SUSPICIOUS_MOVE = YES;
				CLANG_WARN_UNGUARDED_AVAILABILITY = YES_AGGRESSIVE;
				CLANG_WARN_UNREACHABLE_CODE = YES;
				CLANG_WARN__DUPLICATE_METHOD_MATCH = YES;
				CODE_SIGN_IDENTITY = "iPhone Developer";
				COPY_PHASE_STRIP = NO;
				DEBUG_INFORMATION_FORMAT = dwarf;
				ENABLE_STRICT_OBJC_MSGSEND = YES;
				ENABLE_TESTABILITY = YES;
				GCC_C_LANGUAGE_STANDARD = gnu11;
				GCC_DYNAMIC_NO_PIC = NO;
				GCC_NO_COMMON_BLOCKS = YES;
				GCC_OPTIMIZATION_LEVEL = 0;
				GCC_PREPROCESSOR_DEFINITIONS = (
					"DEBUG=1",
					"$(inherited)",
				);
				GCC_WARN_64_TO_32_BIT_CONVERSION = YES;
				GCC_WARN_ABOUT_RETURN_TYPE = YES_ERROR;
				GCC_WARN_UNDECLARED_SELECTOR = YES;
				GCC_WARN_UNINITIALIZED_AUTOS = YES_AGGRESSIVE;
				GCC_WARN_UNUSED_FUNCTION = YES;
				GCC_WARN_UNUSED_VARIABLE = YES;
				IPHONEOS_DEPLOYMENT_TARGET = 11.2;
				MTL_ENABLE_DEBUG_INFO = YES;
				ONLY_ACTIVE_ARCH = YES;
				SDKROOT = iphoneos;
				SWIFT_ACTIVE_COMPILATION_CONDITIONS = DEBUG;
				SWIFT_OPTIMIZATION_LEVEL = "-Onone";
			};
			name = Debug;
		};
		3E797BB1204DFE7800C68374 /* Release */ = {
			isa = XCBuildConfiguration;
			buildSettings = {
				ALWAYS_SEARCH_USER_PATHS = NO;
				CLANG_ANALYZER_NONNULL = YES;
				CLANG_ANALYZER_NUMBER_OBJECT_CONVERSION = YES_AGGRESSIVE;
				CLANG_CXX_LANGUAGE_STANDARD = "gnu++14";
				CLANG_CXX_LIBRARY = "libc++";
				CLANG_ENABLE_MODULES = YES;
				CLANG_ENABLE_OBJC_ARC = YES;
				CLANG_WARN_BLOCK_CAPTURE_AUTORELEASING = YES;
				CLANG_WARN_BOOL_CONVERSION = YES;
				CLANG_WARN_COMMA = YES;
				CLANG_WARN_CONSTANT_CONVERSION = YES;
				CLANG_WARN_DIRECT_OBJC_ISA_USAGE = YES_ERROR;
				CLANG_WARN_DOCUMENTATION_COMMENTS = YES;
				CLANG_WARN_EMPTY_BODY = YES;
				CLANG_WARN_ENUM_CONVERSION = YES;
				CLANG_WARN_INFINITE_RECURSION = YES;
				CLANG_WARN_INT_CONVERSION = YES;
				CLANG_WARN_NON_LITERAL_NULL_CONVERSION = YES;
				CLANG_WARN_OBJC_LITERAL_CONVERSION = YES;
				CLANG_WARN_OBJC_ROOT_CLASS = YES_ERROR;
				CLANG_WARN_RANGE_LOOP_ANALYSIS = YES;
				CLANG_WARN_STRICT_PROTOTYPES = YES;
				CLANG_WARN_SUSPICIOUS_MOVE = YES;
				CLANG_WARN_UNGUARDED_AVAILABILITY = YES_AGGRESSIVE;
				CLANG_WARN_UNREACHABLE_CODE = YES;
				CLANG_WARN__DUPLICATE_METHOD_MATCH = YES;
				CODE_SIGN_IDENTITY = "iPhone Developer";
				COPY_PHASE_STRIP = NO;
				DEBUG_INFORMATION_FORMAT = "dwarf-with-dsym";
				ENABLE_NS_ASSERTIONS = NO;
				ENABLE_STRICT_OBJC_MSGSEND = YES;
				GCC_C_LANGUAGE_STANDARD = gnu11;
				GCC_NO_COMMON_BLOCKS = YES;
				GCC_WARN_64_TO_32_BIT_CONVERSION = YES;
				GCC_WARN_ABOUT_RETURN_TYPE = YES_ERROR;
				GCC_WARN_UNDECLARED_SELECTOR = YES;
				GCC_WARN_UNINITIALIZED_AUTOS = YES_AGGRESSIVE;
				GCC_WARN_UNUSED_FUNCTION = YES;
				GCC_WARN_UNUSED_VARIABLE = YES;
				IPHONEOS_DEPLOYMENT_TARGET = 11.2;
				MTL_ENABLE_DEBUG_INFO = NO;
				SDKROOT = iphoneos;
				SWIFT_OPTIMIZATION_LEVEL = "-Owholemodule";
				VALIDATE_PRODUCT = YES;
			};
			name = Release;
		};
		3E797BB3204DFE7800C68374 /* Debug */ = {
			isa = XCBuildConfiguration;
			buildSettings = {
				ASSETCATALOG_COMPILER_APPICON_NAME = AppIcon;
				CODE_SIGN_STYLE = Automatic;
				DEVELOPMENT_TEAM = "";
				INFOPLIST_FILE = TestTest/Info.plist;
				LD_RUNPATH_SEARCH_PATHS = "$(inherited) @executable_path/Frameworks";
				PRODUCT_BUNDLE_IDENTIFIER = com.Test.LocationExample;
				PRODUCT_NAME = "$(TARGET_NAME)";
				SWIFT_VERSION = 4.0;
				TARGETED_DEVICE_FAMILY = "1,2";
				VERSIONING_SYSTEM = "apple-generic";
			};
			name = Debug;
		};
		3E797BB4204DFE7800C68374 /* Release */ = {
			isa = XCBuildConfiguration;
			buildSettings = {
				ASSETCATALOG_COMPILER_APPICON_NAME = AppIcon;
				CODE_SIGN_STYLE = Automatic;
				DEVELOPMENT_TEAM = "";
				INFOPLIST_FILE = TestTest/Info.plist;
				LD_RUNPATH_SEARCH_PATHS = "$(inherited) @executable_path/Frameworks";
				PRODUCT_BUNDLE_IDENTIFIER = com.Test.LocationExample;
				PRODUCT_NAME = "$(TARGET_NAME)";
				SWIFT_VERSION = 4.0;
				TARGETED_DEVICE_FAMILY = "1,2";
				VERSIONING_SYSTEM = "apple-generic";
			};
			name = Release;
		};
		3E797BB6204DFE7800C68374 /* Debug */ = {
			isa = XCBuildConfiguration;
			buildSettings = {
				ALWAYS_EMBED_SWIFT_STANDARD_LIBRARIES = YES;
				BUNDLE_LOADER = "$(TEST_HOST)";
				CODE_SIGN_STYLE = Automatic;
				DEVELOPMENT_TEAM = 2UZ7HEAH89;
				INFOPLIST_FILE = TestTestTests/Info.plist;
				LD_RUNPATH_SEARCH_PATHS = "$(inherited) @executable_path/Frameworks @loader_path/Frameworks";
				PRODUCT_BUNDLE_IDENTIFIER = com.test.TestTestTests;
				PRODUCT_NAME = "$(TARGET_NAME)";
				SWIFT_VERSION = 4.0;
				TARGETED_DEVICE_FAMILY = "1,2";
				TEST_HOST = "$(BUILT_PRODUCTS_DIR)/TestTest.app/TestTest";
			};
			name = Debug;
		};
		3E797BB7204DFE7800C68374 /* Release */ = {
			isa = XCBuildConfiguration;
			buildSettings = {
				ALWAYS_EMBED_SWIFT_STANDARD_LIBRARIES = YES;
				BUNDLE_LOADER = "$(TEST_HOST)";
				CODE_SIGN_STYLE = Automatic;
				DEVELOPMENT_TEAM = 2UZ7HEAH89;
				INFOPLIST_FILE = TestTestTests/Info.plist;
				LD_RUNPATH_SEARCH_PATHS = "$(inherited) @executable_path/Frameworks @loader_path/Frameworks";
				PRODUCT_BUNDLE_IDENTIFIER = com.test.TestTestTests;
				PRODUCT_NAME = "$(TARGET_NAME)";
				SWIFT_VERSION = 4.0;
				TARGETED_DEVICE_FAMILY = "1,2";
				TEST_HOST = "$(BUILT_PRODUCTS_DIR)/TestTest.app/TestTest";
			};
			name = Release;
		};
		3E797BB9204DFE7800C68374 /* Debug */ = {
			isa = XCBuildConfiguration;
			buildSettings = {
				ALWAYS_EMBED_SWIFT_STANDARD_LIBRARIES = YES;
				CODE_SIGN_STYLE = Automatic;
				DEVELOPMENT_TEAM = 2UZ7HEAH89;
				INFOPLIST_FILE = TestTestUITests/Info.plist;
				LD_RUNPATH_SEARCH_PATHS = "$(inherited) @executable_path/Frameworks @loader_path/Frameworks";
				PRODUCT_BUNDLE_IDENTIFIER = com.test.TestTestUITests;
				PRODUCT_NAME = "$(TARGET_NAME)";
				SWIFT_VERSION = 4.0;
				TARGETED_DEVICE_FAMILY = "1,2";
				TEST_TARGET_NAME = TestTest;
			};
			name = Debug;
		};
		3E797BBA204DFE7800C68374 /* Release */ = {
			isa = XCBuildConfiguration;
			buildSettings = {
				ALWAYS_EMBED_SWIFT_STANDARD_LIBRARIES = YES;
				CODE_SIGN_STYLE = Automatic;
				DEVELOPMENT_TEAM = 2UZ7HEAH89;
				INFOPLIST_FILE = TestTestUITests/Info.plist;
				LD_RUNPATH_SEARCH_PATHS = "$(inherited) @executable_path/Frameworks @loader_path/Frameworks";
				PRODUCT_BUNDLE_IDENTIFIER = com.test.TestTestUITests;
				PRODUCT_NAME = "$(TARGET_NAME)";
				SWIFT_VERSION = 4.0;
				TARGETED_DEVICE_FAMILY = "1,2";
				TEST_TARGET_NAME = TestTest;
			};
			name = Release;
		};
/* End XCBuildConfiguration section */

/* Begin XCConfigurationList section */
		3E797B85204DFE7800C68374 /* Build configuration list for PBXProject "TestTest" */ = {
			isa = XCConfigurationList;
			buildConfigurations = (
				3E797BB0204DFE7800C68374 /* Debug */,
				3E797BB1204DFE7800C68374 /* Release */,
			);
			defaultConfigurationIsVisible = 0;
			defaultConfigurationName = Release;
		};
		3E797BB2204DFE7800C68374 /* Build configuration list for PBXNativeTarget "TestTest" */ = {
			isa = XCConfigurationList;
			buildConfigurations = (
				3E797BB3204DFE7800C68374 /* Debug */,
				3E797BB4204DFE7800C68374 /* Release */,
			);
			defaultConfigurationIsVisible = 0;
			defaultConfigurationName = Release;
		};
		3E797BB5204DFE7800C68374 /* Build configuration list for PBXNativeTarget "TestTestTests" */ = {
			isa = XCConfigurationList;
			buildConfigurations = (
				3E797BB6204DFE7800C68374 /* Debug */,
				3E797BB7204DFE7800C68374 /* Release */,
			);
			defaultConfigurationIsVisible = 0;
			defaultConfigurationName = Release;
		};
		3E797BB8204DFE7800C68374 /* Build configuration list for PBXNativeTarget "TestTestUITests" */ = {
			isa = XCConfigurationList;
			buildConfigurations = (
				3E797BB9204DFE7800C68374 /* Debug */,
				3E797BBA204DFE7800C68374 /* Release */,
			);
			defaultConfigurationIsVisible = 0;
			defaultConfigurationName = Release;
		};
/* End XCConfigurationList section */
	};
	rootObject = 3E797B82204DFE7800C68374 /* Project object */;
}
